DEPENDENCIES
  beam
    git: git@github.com:perfectsense/brightspot-chef.git
    revision: e0ba716a9dc6402fc65bf121bfc52def03f64169
    rel: cookbooks/beam
  brightspot
    git: git@github.com:perfectsense/brightspot-chef.git
    revision: e0ba716a9dc6402fc65bf121bfc52def03f64169
    rel: cookbooks/brightspot
  brightspot-base
    path: .
    metadata: true
  perfectsense-base
    git: git@github.com:perfectsense/brightspot-chef.git
    revision: e0ba716a9dc6402fc65bf121bfc52def03f64169
    rel: cookbooks/perfectsense-base
  perfectsense-brightspot
    git: git@github.com:perfectsense/brightspot-chef.git
    revision: e0ba716a9dc6402fc65bf121bfc52def03f64169
    rel: cookbooks/perfectsense-brightspot
  perfectsense-java
    git: git@github.com:perfectsense/brightspot-chef.git
    revision: e0ba716a9dc6402fc65bf121bfc52def03f64169
    rel: cookbooks/perfectsense-java
  perfectsense-moddims
    git: git@github.com:perfectsense/brightspot-chef.git
    revision: e0ba716a9dc6402fc65bf121bfc52def03f64169
    rel: cookbooks/perfectsense-moddims
  perfectsense-solr
    git: git@github.com:perfectsense/brightspot-chef.git
    revision: e0ba716a9dc6402fc65bf121bfc52def03f64169
    rel: cookbooks/perfectsense-solr
  perfectsense-tomcat
    git: git@github.com:perfectsense/brightspot-chef.git
    revision: e0ba716a9dc6402fc65bf121bfc52def03f64169
    rel: cookbooks/perfectsense-tomcat
  perfectsense-zabbix
    git: git@github.com:perfectsense/brightspot-chef.git
    revision: e0ba716a9dc6402fc65bf121bfc52def03f64169
    rel: cookbooks/perfectsense-zabbix
  td-agent
    git: git://github.com/treasure-data/chef-td-agent.git
    revision: f4ae0f7ce48e1cd59d75d8226bfa79e6c7307590

GRAPH
  7-zip (1.0.2)
    windows (>= 1.2.2)
  apache2 (1.10.5)
    freebsd (>= 0.0.0)
    iptables (>= 0.0.0)
    logrotate (>= 0.0.0)
    pacman (>= 0.0.0)
  apt (2.7.0)
  ark (0.9.0)
    7-zip (>= 0.0.0)
    windows (>= 0.0.0)
  aws (2.7.2)
  beam (1.0.0)
    apt (~> 2.7.0)
    perfectsense-base (~> 1.0.0)
    perfectsense-java (~> 1.0.0)
    runit (~> 1.5.10)
  brightspot (2.0.0)
    apache2 (~> 1.10.4)
    apt (~> 2.7.0)
    ark (= 0.9.0)
    beam (~> 1.0.0)
    build-essential (~> 2.0.0)
    chef-dk (~> 1.0.2)
    cron (~> 1.4.0)
    database (~> 2.2.0)
    elasticsearch (~> 1.0.0)
    htpasswd (~> 0.1.2)
    jenkins (~> 2.2.2)
    lvm (~> 1.3.6)
    mysql (= 5.4.0)
    percona (~> 0.15.1)
    perfectsense-base (~> 1.0.0)
    perfectsense-java (~> 1.0.0)
    perfectsense-moddims (~> 1.0.0)
    perfectsense-solr (~> 1.0.0)
    perfectsense-tomcat (~> 1.0.0)
    varnish (~> 1.0.2)
  brightspot-base (1.0.0)
    brightspot (~> 2.0.0)
    perfectsense-brightspot (~> 1.0.0)
  build-essential (2.0.6)
  chef-dk (1.0.2)
    dmg (~> 2.2)
  chef-sugar (3.1.1)
  chef_handler (1.2.0)
  compat_resource (12.5.14)
  cron (1.4.3)
  curl (2.0.1)
  database (2.2.0)
    aws (>= 0.0.0)
    mysql (>= 5.0.0)
    mysql-chef_gem (>= 0.0.0)
    postgresql (>= 1.0.0)
    xfs (>= 0.0.0)
  dmg (2.3.0)
  elasticsearch (1.0.3)
    apt (>= 0.0.0)
    ark (>= 0.0.0)
    chef-sugar (>= 0.0.0)
    curl (>= 0.0.0)
    yum (>= 0.0.0)
  freebsd (0.4.0)
  htpasswd (0.1.2)
    python (>= 0.0.0)
    ruby (>= 0.0.0)
  iptables (2.0.1)
    compat_resource (>= 0.0.0)
  jenkins (2.2.2)
    apt (~> 2.0)
    runit (~> 1.5)
    yum (~> 3.0)
  logrotate (1.9.2)
  lvm (1.3.7)
  mysql (5.4.0)
    yum-mysql-community (>= 0.0.0)
  mysql-chef_gem (1.0.0)
    build-essential (>= 0.0.0)
  ntp (1.6.8)
  ohai (2.0.4)
  openssh (1.3.4)
    iptables (>= 0.0.0)
  openssl (2.0.2)
    chef-sugar (>= 0.0.0)
  openvpn (2.1.0)
    yum (~> 3.0)
    yum-epel (>= 0.0.0)
  pacman (1.1.1)
  percona (0.15.5)
    apt (>= 1.9)
    openssl (>= 0.0.0)
    yum (~> 3.0)
  perfectsense-base (1.0.0)
    apt (~> 2.7.0)
    ark (= 0.9.0)
    beam (~> 1.0.0)
    ntp (~> 1.6.4)
    ohai (~> 2.0.1)
    python (~> 1.4.6)
    sysctl (~> 0.6.0)
    sysstat (~> 1.2.0)
    timezone (~> 0.0.1)
    users (~> 1.7.0)
  perfectsense-brightspot (1.0.0)
    apache2 (~> 1.10.4)
    apt (~> 2.7.0)
    brightspot (~> 2.0.0)
    openssh (~> 1.3.4)
    openssl (~> 2.0.2)
    openvpn (~> 2.1.0)
    perfectsense-zabbix (~> 1.0.0)
    sudo (~> 2.6.0)
    td-agent (~> 2.1.0)
  perfectsense-java (1.0.0)
    ark (= 0.9.0)
  perfectsense-moddims (1.0.0)
    apache2 (~> 1.10.4)
    apt (~> 2.7.0)
  perfectsense-solr (1.0.0)
    apt (~> 2.7.0)
    ark (~> 0.9.0)
    perfectsense-java (>= 0.0.0)
    perfectsense-tomcat (>= 0.0.0)
  perfectsense-tomcat (1.0.0)
    apt (~> 2.7.0)
    ark (~> 0.9.0)
    beam (>= 0.0.0)
    perfectsense-java (>= 0.0.0)
  perfectsense-zabbix (1.0.0)
    ark (>= 0.0.0)
  postgresql (3.4.16)
    apt (>= 1.9.0)
    build-essential (>= 0.0.0)
    openssl (>= 0.0.0)
  python (1.4.6)
    build-essential (>= 0.0.0)
    yum-epel (>= 0.0.0)
  ruby (0.9.3)
  runit (1.5.18)
    build-essential (>= 0.0.0)
    yum (~> 3.0)
    yum-epel (>= 0.0.0)
  sudo (2.6.0)
  sysctl (0.6.2)
    ohai (>= 0.0.0)
  sysstat (1.2.0)
  td-agent (2.1.5)
    apt (>= 0.0.0)
    yum (>= 0.0.0)
  timezone (0.0.1)
  users (1.7.0)
  varnish (1.0.2)
    apt (~> 2.4)
    build-essential (>= 0.0.0)
    yum (~> 3.0)
    yum-epel (>= 0.0.0)
  windows (1.38.4)
    chef_handler (>= 0.0.0)
  xfs (1.1.1)
  yum (3.8.2)
  yum-epel (0.6.5)
    yum (~> 3.2)
  yum-mysql-community (0.1.19)
    yum (>= 3.2)
